# This file is automatically @generated by Poetry 1.5.1 and should not be changed by hand.

[[package]]
name = "antlr4-python3-runtime"
version = "4.9.3"
description = "ANTLR 4.9.3 runtime for Python 3.7"
optional = false
python-versions = "*"
files = [
    {file = "antlr4_python3_runtime-4.9.3-py3-none-any.whl", hash = "sha256:16d72be62c60b3193f400d4403d783141f0680f94a401fc63d152394740c61f1"},
]

[package.source]
type = "legacy"
url = "https://www.piwheels.org/simple"
reference = "piwheels"

[[package]]
name = "bme680"
version = "1.1.1"
description = "Python library for the BME680 temperature, humidity and gas sensor"
optional = false
python-versions = ">=2.7"
files = [
    {file = "bme680-1.1.1-py3-none-any.whl", hash = "sha256:314023ef62b96aa93039a0aedb5fc2015f772cd25fc4333bec9f6b9304e9fbdf"},
]

[package.dependencies]
smbus = "*"

[package.source]
type = "legacy"
url = "https://www.piwheels.org/simple"
reference = "piwheels"

[[package]]
name = "certifi"
version = "2024.2.2"
description = "Python package for providing Mozilla's CA Bundle."
optional = false
python-versions = ">=3.6"
files = [
    {file = "certifi-2024.2.2-py3-none-any.whl", hash = "sha256:eecde191fb4bb57897876a77eecaeba263baf3424d4ace5b7ae124a57a85313d"},
]

[package.source]
type = "legacy"
url = "https://www.piwheels.org/simple"
reference = "piwheels"

[[package]]
name = "charset-normalizer"
version = "3.3.2"
description = "The Real First Universal Charset Detector. Open, modern and actively maintained alternative to Chardet."
optional = false
python-versions = ">=3.7.0"
files = [
    {file = "charset_normalizer-3.3.2-py3-none-any.whl", hash = "sha256:7c3627434be5f9e083deea5193461b7b75bc51b47cecf0a7cacf66f34d3394bf"},
]

[package.source]
type = "legacy"
url = "https://www.piwheels.org/simple"
reference = "piwheels"

[[package]]
name = "click"
version = "8.1.7"
description = "Composable command line interface toolkit"
optional = false
python-versions = ">=3.7"
files = [
    {file = "click-8.1.7-py3-none-any.whl", hash = "sha256:8e38806544348fdafedd47e92e90aca882377a0680918dec4c80c225a0e5ed13"},
]

[package.dependencies]
colorama = {version = "*", markers = "platform_system == \"Windows\""}

[package.source]
type = "legacy"
url = "https://www.piwheels.org/simple"
reference = "piwheels"

[[package]]
name = "colorama"
version = "0.4.6"
description = "Cross-platform colored terminal text."
optional = false
python-versions = "!=3.0.*,!=3.1.*,!=3.2.*,!=3.3.*,!=3.4.*,!=3.5.*,!=3.6.*,>=2.7"
files = [
    {file = "colorama-0.4.6-py2.py3-none-any.whl", hash = "sha256:4f1d9991f5acc0ca119f9d443620b77f9d6b33703e51011c16baf57afb285fc6"},
]

[package.source]
type = "legacy"
url = "https://www.piwheels.org/simple"
reference = "piwheels"

[[package]]
name = "i2cdevice"
version = "1.0.0"
description = "Python framework for interacting with SMBus-compatible i2c devices"
optional = false
python-versions = ">=3.7"
files = [
    {file = "i2cdevice-1.0.0-py3-none-any.whl", hash = "sha256:595cfa3815aab4d8a4bbe1cbd4a4e1271d56cf7c1de367eab6a94dd80566f0c1"},
]

[package.dependencies]
smbus2 = "*"

[package.source]
type = "legacy"
url = "https://www.piwheels.org/simple"
reference = "piwheels"

[[package]]
name = "idna"
version = "3.6"
description = "Internationalized Domain Names in Applications (IDNA)"
optional = false
python-versions = ">=3.5"
files = [
    {file = "idna-3.6-py3-none-any.whl", hash = "sha256:b06706587a0633b6ccf1850f510788d733711fcf3039823d203e98f0d85865a4"},
]

[package.source]
type = "legacy"
url = "https://www.piwheels.org/simple"
reference = "piwheels"

[[package]]
name = "influxdb-client"
version = "1.41.0"
description = "InfluxDB 2.0 Python client library"
optional = false
python-versions = ">=3.7"
files = [
    {file = "influxdb_client-1.41.0-py3-none-any.whl", hash = "sha256:309d80c74dd6e0ba0da010f71fb78d6ed5030d1e2b5b7d9f03e974b2068f5494"},
]

[package.dependencies]
certifi = ">=14.05.14"
python-dateutil = ">=2.5.3"
reactivex = ">=4.0.4"
setuptools = ">=21.0.0"
urllib3 = ">=1.26.0"

[package.extras]
async = ["aiocsv (>=1.2.2)", "aiohttp (>=3.8.1)"]
ciso = ["ciso8601 (>=2.1.1)"]
extra = ["numpy", "pandas (>=1.0.0)"]
test = ["aioresponses (>=0.7.3)", "coverage (>=4.0.3)", "flake8 (>=5.0.3)", "httpretty (==1.0.5)", "jinja2 (==3.1.3)", "nose (>=1.3.7)", "pluggy (>=0.3.1)", "psutil (>=5.6.3)", "py (>=1.4.31)", "pytest (>=5.0.0)", "pytest-cov (>=3.0.0)", "pytest-timeout (>=2.1.0)", "randomize (>=0.13)", "sphinx (==1.8.5)", "sphinx-rtd-theme"]

[package.source]
type = "legacy"
url = "https://www.piwheels.org/simple"
reference = "piwheels"

[[package]]
name = "markdown-it-py"
version = "3.0.0"
description = "Python port of markdown-it. Markdown parsing, done right!"
optional = false
python-versions = ">=3.8"
files = [
    {file = "markdown_it_py-3.0.0-py3-none-any.whl", hash = "sha256:6d00561ef69282f31c923e5520f8f7025f6c2bbd1d7796f3d730840cc54130a6"},
]

[package.dependencies]
mdurl = ">=0.1,<1.0"

[package.extras]
benchmarking = ["psutil", "pytest", "pytest-benchmark"]
code-style = ["pre-commit (>=3.0,<4.0)"]
compare = ["commonmark (>=0.9,<1.0)", "markdown (>=3.4,<4.0)", "mistletoe (>=1.0,<2.0)", "mistune (>=2.0,<3.0)", "panflute (>=2.3,<3.0)"]
linkify = ["linkify-it-py (>=1,<3)"]
plugins = ["mdit-py-plugins"]
profiling = ["gprof2dot"]
rtd = ["jupyter_sphinx", "mdit-py-plugins", "myst-parser", "pyyaml", "sphinx", "sphinx-copybutton", "sphinx-design", "sphinx_book_theme"]
testing = ["coverage", "pytest", "pytest-cov", "pytest-regressions"]

[package.source]
type = "legacy"
url = "https://www.piwheels.org/simple"
reference = "piwheels"

[[package]]
name = "mdurl"
version = "0.1.2"
description = "Markdown URL utilities"
optional = false
python-versions = ">=3.7"
files = [
    {file = "mdurl-0.1.2-py3-none-any.whl", hash = "sha256:84008a41e51615a49fc9966191ff91509e3c40b939176e643fd50a5c2196b8f8"},
]

[package.source]
type = "legacy"
url = "https://www.piwheels.org/simple"
reference = "piwheels"

[[package]]
name = "omegaconf"
version = "2.3.0"
description = "A flexible configuration library"
optional = false
python-versions = ">=3.6"
files = [
    {file = "omegaconf-2.3.0-py3-none-any.whl", hash = "sha256:7b4df175cdb08ba400f45cae3bdcae7ba8365db4d165fc65fd04b050ab63b46b"},
    {file = "omegaconf-2.3.0.tar.gz", hash = "sha256:d5d4b6d29955cc50ad50c46dc269bcd92c6e00f5f90d23ab5fee7bfca4ba4cc7"},
]

[package.dependencies]
antlr4-python3-runtime = "==4.9.*"
PyYAML = ">=5.1.0"

[[package]]
name = "pimoroni-bme280"
version = "0.1.1"
description = "Python library for the bme280 temperature, pressure and humidity sensor"
optional = false
python-versions = "*"
files = [
    {file = "pimoroni_bme280-0.1.1-py3-none-any.whl", hash = "sha256:089bccd5b16345117ee7152f65ed7547bb5496bc074ba3cb2061187c263c290c"},
]

[package.dependencies]
i2cdevice = ">=0.0.6"

[package.source]
type = "legacy"
url = "https://www.piwheels.org/simple"
reference = "piwheels"

[[package]]
name = "psutil"
version = "5.9.8"
description = "Cross-platform lib for process and system monitoring in Python."
optional = false
python-versions = ">=2.7, !=3.0.*, !=3.1.*, !=3.2.*, !=3.3.*, !=3.4.*, !=3.5.*"
files = [
    {file = "psutil-5.9.8-cp311-abi3-linux_armv6l.whl", hash = "sha256:cbc632b7180afb358dca58278306a3470db29d465e2d92b551c5540b89432e72"},
    {file = "psutil-5.9.8-cp311-abi3-linux_armv7l.whl", hash = "sha256:cbc632b7180afb358dca58278306a3470db29d465e2d92b551c5540b89432e72"},
    {file = "psutil-5.9.8-cp37-abi3-linux_armv6l.whl", hash = "sha256:e9d724379c517225ab40be9d0065a93abc943f31f1754deda4b57747af1c5e38"},
    {file = "psutil-5.9.8-cp37-abi3-linux_armv7l.whl", hash = "sha256:e9d724379c517225ab40be9d0065a93abc943f31f1754deda4b57747af1c5e38"},
    {file = "psutil-5.9.8-cp39-abi3-linux_armv6l.whl", hash = "sha256:c8d17998edd73c93b1d6b79c838f49829f19ea1f9e7dfba730e45ad36f047ab6"},
    {file = "psutil-5.9.8-cp39-abi3-linux_armv7l.whl", hash = "sha256:c8d17998edd73c93b1d6b79c838f49829f19ea1f9e7dfba730e45ad36f047ab6"},
]

[package.extras]
test = ["enum34", "ipaddress", "mock", "pywin32", "wmi"]

[package.source]
type = "legacy"
url = "https://www.piwheels.org/simple"
reference = "piwheels"

[[package]]
name = "pygments"
version = "2.17.2"
description = "Pygments is a syntax highlighting package written in Python."
optional = false
python-versions = ">=3.7"
files = [
    {file = "pygments-2.17.2-py3-none-any.whl", hash = "sha256:b27c2826c47d0f3219f29554824c30c5e8945175d888647acd804ddd04af846c"},
]

[package.extras]
plugins = ["importlib-metadata"]
windows-terminal = ["colorama (>=0.4.6)"]

[package.source]
type = "legacy"
url = "https://www.piwheels.org/simple"
reference = "piwheels"

[[package]]
name = "pyserial"
version = "3.5"
description = "Python Serial Port Extension"
optional = false
python-versions = "*"
files = [
    {file = "pyserial-3.5-py2.py3-none-any.whl", hash = "sha256:c4451db6ba391ca6ca299fb3ec7bae67a5c55dde170964c7a14ceefec02f2cf0"},
]

[package.extras]
cp2110 = ["hidapi"]

[package.source]
type = "legacy"
url = "https://www.piwheels.org/simple"
reference = "piwheels"

[[package]]
name = "python-dateutil"
version = "2.9.0.post0"
description = "Extensions to the standard Python datetime module"
optional = false
python-versions = "!=3.0.*,!=3.1.*,!=3.2.*,>=2.7"
files = [
    {file = "python_dateutil-2.9.0.post0-py2.py3-none-any.whl", hash = "sha256:5d23f9d7e398684c7dac22b46a93fb71de568cfdcd004512f7072819e41ef54c"},
]

[package.dependencies]
six = ">=1.5"

[package.source]
type = "legacy"
url = "https://www.piwheels.org/simple"
reference = "piwheels"

[[package]]
name = "python-dotenv"
version = "1.0.1"
description = "Read key-value pairs from a .env file and set them as environment variables"
optional = false
python-versions = ">=3.8"
files = [
    {file = "python_dotenv-1.0.1-py3-none-any.whl", hash = "sha256:77de553b0a69689681b3108fe8430622631e78867971f00c59b318fe9e015e24"},
]

[package.extras]
cli = ["click (>=5.0)"]

[package.source]
type = "legacy"
url = "https://www.piwheels.org/simple"
reference = "piwheels"

[[package]]
name = "pyyaml"
version = "6.0.1"
description = "YAML parser and emitter for Python"
optional = false
python-versions = ">=3.6"
files = [
    {file = "PyYAML-6.0.1-cp37-cp37m-linux_armv6l.whl", hash = "sha256:5a57e6fc0585307fe6ca36683f306fc9df15a2320847df7f8615bf06a8790fa0"},
    {file = "PyYAML-6.0.1-cp37-cp37m-linux_armv7l.whl", hash = "sha256:5a57e6fc0585307fe6ca36683f306fc9df15a2320847df7f8615bf06a8790fa0"},
    {file = "PyYAML-6.0.1-cp39-cp39-linux_armv6l.whl", hash = "sha256:fbf5a3539e0a1741984e38dc2a6b371fa4fc1c391315f43676059e9e7db191fa"},
    {file = "PyYAML-6.0.1-cp39-cp39-linux_armv7l.whl", hash = "sha256:fbf5a3539e0a1741984e38dc2a6b371fa4fc1c391315f43676059e9e7db191fa"},
]

[package.source]
type = "legacy"
url = "https://www.piwheels.org/simple"
reference = "piwheels"

[[package]]
name = "reactivex"
version = "4.0.4"
description = "ReactiveX (Rx) for Python"
optional = false
python-versions = ">=3.7,<4.0"
files = [
    {file = "reactivex-4.0.4-py3-none-any.whl", hash = "sha256:0004796c420bd9e68aad8e65627d85a8e13f293de76656165dffbcb3a0e3fb6a"},
]

[package.dependencies]
typing-extensions = ">=4.1.1,<5.0.0"

[package.source]
type = "legacy"
url = "https://www.piwheels.org/simple"
reference = "piwheels"

[[package]]
name = "requests"
version = "2.31.0"
description = "Python HTTP for Humans."
optional = false
python-versions = ">=3.7"
files = [
    {file = "requests-2.31.0-py3-none-any.whl", hash = "sha256:471e7795897eff62a8e31f26f241e3e67ee80d1bd0f64236538a3dda8d3f1acc"},
]

[package.dependencies]
certifi = ">=2017.4.17"
charset-normalizer = ">=2,<4"
idna = ">=2.5,<4"
urllib3 = ">=1.21.1,<3"

[package.extras]
socks = ["PySocks (>=1.5.6,!=1.5.7)"]
use-chardet-on-py3 = ["chardet (>=3.0.2,<6)"]

[package.source]
type = "legacy"
url = "https://www.piwheels.org/simple"
reference = "piwheels"

[[package]]
name = "rich"
version = "13.7.1"
description = "Render rich text, tables, progress bars, syntax highlighting, markdown and more to the terminal"
optional = false
python-versions = ">=3.7.0"
files = [
    {file = "rich-13.7.1-py3-none-any.whl", hash = "sha256:fa32dae2634dc4c2873908d3be4144629be02360d0af74ddb6e044c84ed03fa6"},
]

[package.dependencies]
markdown-it-py = ">=2.2.0"
pygments = ">=2.13.0,<3.0.0"

[package.extras]
jupyter = ["ipywidgets (>=7.5.1,<9)"]

[package.source]
type = "legacy"
url = "https://www.piwheels.org/simple"
reference = "piwheels"

[[package]]
name = "setuptools"
version = "69.1.1"
description = "Easily download, build, install, upgrade, and uninstall Python packages"
optional = false
python-versions = ">=3.8"
files = [
    {file = "setuptools-69.1.1-py3-none-any.whl", hash = "sha256:e80cddb27be3c47ed49d9f27cbe2316414fd14e5be5143f84f8f7d7b89402173"},
]

[package.extras]
docs = ["furo", "jaraco.packaging (>=9.3)", "jaraco.tidelift (>=1.4)", "pygments-github-lexers (==0.0.5)", "rst.linker (>=1.9)", "sphinx (<7.2.5)", "sphinx (>=3.5)", "sphinx-favicon", "sphinx-inline-tabs", "sphinx-lint", "sphinx-notfound-page (>=1,<2)", "sphinx-reredirects", "sphinxcontrib-towncrier"]
testing = ["build[virtualenv]", "filelock (>=3.4.0)", "flake8-2020", "ini2toml[lite] (>=0.9)", "jaraco.develop (>=7.21)", "jaraco.envs (>=2.2)", "jaraco.path (>=3.2.0)", "packaging (>=23.2)", "pip (>=19.1)", "pytest (>=6)", "pytest-checkdocs (>=2.4)", "pytest-cov", "pytest-enabler (>=2.2)", "pytest-home (>=0.5)", "pytest-mypy (>=0.9.1)", "pytest-perf", "pytest-ruff (>=0.2.1)", "pytest-timeout", "pytest-xdist", "tomli-w (>=1.0.0)", "virtualenv (>=13.0.0)", "wheel"]
testing-integration = ["build[virtualenv] (>=1.0.3)", "filelock (>=3.4.0)", "jaraco.envs (>=2.2)", "jaraco.path (>=3.2.0)", "packaging (>=23.2)", "pytest", "pytest-enabler", "pytest-xdist", "tomli", "virtualenv (>=13.0.0)", "wheel"]

[package.source]
type = "legacy"
url = "https://www.piwheels.org/simple"
reference = "piwheels"

[[package]]
name = "six"
version = "1.16.0"
description = "Python 2 and 3 compatibility utilities"
optional = false
python-versions = ">=2.7, !=3.0.*, !=3.1.*, !=3.2.*"
files = [
    {file = "six-1.16.0-py2.py3-none-any.whl", hash = "sha256:8abb2f1d86890a2dfb989f9a77cfcfd3e47c2a354b01111771326f8aa26e0254"},
]

[package.source]
type = "legacy"
url = "https://www.piwheels.org/simple"
reference = "piwheels"

[[package]]
name = "smbus"
version = "1.1.post2"
description = "Python bindings for Linux SMBus access through i2c-dev"
optional = false
python-versions = "*"
files = [
    {file = "smbus-1.1.post2-cp34-cp34m-linux_armv6l.whl", hash = "sha256:39923448455a41c6bbe823de62b191103dd711917056362d9e4b1d2c6ec0f06d"},
    {file = "smbus-1.1.post2-cp34-cp34m-linux_armv7l.whl", hash = "sha256:39923448455a41c6bbe823de62b191103dd711917056362d9e4b1d2c6ec0f06d"},
    {file = "smbus-1.1.post2-cp35-cp35m-linux_armv6l.whl", hash = "sha256:3e59ce378dbf9b201497e9f99b43714acc7d562b08641d7b98ad9df762ffd865"},
    {file = "smbus-1.1.post2-cp35-cp35m-linux_armv7l.whl", hash = "sha256:3e59ce378dbf9b201497e9f99b43714acc7d562b08641d7b98ad9df762ffd865"},
    {file = "smbus-1.1.post2-cp37-cp37m-linux_armv6l.whl", hash = "sha256:3a04a09dd7bd2ce838a65f98d83901b3f6980593269d3668e974fc55a0db833e"},
    {file = "smbus-1.1.post2-cp37-cp37m-linux_armv7l.whl", hash = "sha256:3a04a09dd7bd2ce838a65f98d83901b3f6980593269d3668e974fc55a0db833e"},
    {file = "smbus-1.1.post2-cp39-cp39-linux_armv6l.whl", hash = "sha256:b0cdccebd5d4e611cfb950bddff8798962b5d709a8e6d46c29b1929ab4f2abbc"},
    {file = "smbus-1.1.post2-cp39-cp39-linux_armv7l.whl", hash = "sha256:b0cdccebd5d4e611cfb950bddff8798962b5d709a8e6d46c29b1929ab4f2abbc"},
]

[package.source]
type = "legacy"
url = "https://www.piwheels.org/simple"
reference = "piwheels"

[[package]]
name = "smbus2"
version = "0.4.3"
description = "smbus2 is a drop-in replacement for smbus-cffi/smbus-python in pure Python"
optional = false
python-versions = "*"
files = [
    {file = "smbus2-0.4.3-py2.py3-none-any.whl", hash = "sha256:4747d1f1394d9fb900d960a76931166645f901f3170616ab3aeb7eaaa6505bf5"},
]

[package.extras]
docs = ["sphinx (>=1.5.3)"]
qa = ["flake8"]
test = ["mock", "nose"]

[package.source]
type = "legacy"
url = "https://www.piwheels.org/simple"
reference = "piwheels"

[[package]]
name = "tqdm"
version = "4.66.2"
description = "Fast, Extensible Progress Meter"
optional = false
python-versions = ">=3.7"
files = [
    {file = "tqdm-4.66.2-py3-none-any.whl", hash = "sha256:f78fd60412e4653a0be68fe9fc5424dc07ed3479bc765a3ab30e782d3d4dbd41"},
]

[package.dependencies]
colorama = {version = "*", markers = "platform_system == \"Windows\""}

[package.extras]
dev = ["pytest (>=6)", "pytest-cov", "pytest-timeout", "pytest-xdist"]
notebook = ["ipywidgets (>=6)"]
slack = ["slack-sdk"]
telegram = ["requests"]

[package.source]
type = "legacy"
url = "https://www.piwheels.org/simple"
reference = "piwheels"

[[package]]
name = "typing-extensions"
version = "4.10.0"
description = "Backported and Experimental Type Hints for Python 3.8+"
optional = false
python-versions = ">=3.8"
files = [
    {file = "typing_extensions-4.10.0-py3-none-any.whl", hash = "sha256:cf4b3897a28953482b51a794c6e2eacd0493446a7aa3f5f0913e4c612fde12da"},
]

[package.source]
type = "legacy"
url = "https://www.piwheels.org/simple"
reference = "piwheels"

[[package]]
name = "urllib3"
version = "2.2.1"
description = "HTTP library with thread-safe connection pooling, file post, and more."
optional = false
python-versions = ">=3.8"
files = [
    {file = "urllib3-2.2.1-py3-none-any.whl", hash = "sha256:a385eb86c83085b639624289085253903a0ddc73f0a3e17c64d26965cd4970ce"},
]

[package.extras]
brotli = ["brotli (>=1.0.9)", "brotlicffi (>=0.8.0)"]
h2 = ["h2 (>=4,<5)"]
socks = ["pysocks (>=1.5.6,!=1.5.7,<2.0)"]
zstd = ["zstandard (>=0.18.0)"]

[package.source]
type = "legacy"
url = "https://www.piwheels.org/simple"
reference = "piwheels"

[metadata]
lock-version = "2.0"
python-versions = ">=3.9,<3.10"
content-hash = "52be65d68a0ba0480e7efbba6f2b715f475b2d720bb208cc1b6daf45b146f704"
